
Microsoft Visual Studio Solution File, Format Version 12.00
# Visual Studio Version 17
VisualStudioVersion = 17.11.35312.102
MinimumVisualStudioVersion = 10.0.40219.1
Project("{FAE04EC0-301F-11D3-BF4B-00C04F79EFBC}") = "TestTechnique", "TestTechnique\TestTechnique.csproj", "{6E27C555-04AC-44D4-9C3D-9D2AEEE9EB05}"
EndProject
Global
	GlobalSection(SolutionConfigurationPlatforms) = preSolution
		Debug|Any CPU = Debug|Any CPU
		Release|Any CPU = Release|Any CPU
	EndGlobalSection
	GlobalSection(ProjectConfigurationPlatforms) = postSolution
		{6E27C555-04AC-44D4-9C3D-9D2AEEE9EB05}.Debug|Any CPU.ActiveCfg = Debug|Any CPU
		{6E27C555-04AC-44D4-9C3D-9D2AEEE9EB05}.Debug|Any CPU.Build.0 = Debug|Any CPU
		{6E27C555-04AC-44D4-9C3D-9D2AEEE9EB05}.Release|Any CPU.ActiveCfg = Release|Any CPU
		{6E27C555-04AC-44D4-9C3D-9D2AEEE9EB05}.Release|Any CPU.Build.0 = Release|Any CPU
	EndGlobalSection
	GlobalSection(SolutionProperties) = preSolution
		HideSolutionNode = FALSE
	EndGlobalSection
	GlobalSection(ExtensibilityGlobals) = postSolution
		SolutionGuid = {7DBF908D-636E-4FCD-AD65-97B56C36D1A5}
	EndGlobalSection
EndGlobal
